Microsoft Visual Studio Solution File, Format Version 12.00
# Visual Studio Version 17
VisualStudioVersion = 17.5.2.0
MinimumVisualStudioVersion = 10.0.40219.1
Project("{FAE04EC0-301F-11D3-BF4B-00C04F79EFBC}") = "EisntMvc", "EisntMvc.csproj", "{6F9D740D-1117-04E7-6368-2E76E9F0E053}"
EndProject
Global
	GlobalSection(SolutionConfigurationPlatforms) = preSolution
		Debug|Any CPU = Debug|Any CPU
		Release|Any CPU = Release|Any CPU
	EndGlobalSection
	GlobalSection(ProjectConfigurationPlatforms) = postSolution
		{6F9D740D-1117-04E7-6368-2E76E9F0E053}.Debug|Any CPU.ActiveCfg = Debug|Any CPU
		{6F9D740D-1117-04E7-6368-2E76E9F0E053}.Debug|Any CPU.Build.0 = Debug|Any CPU
		{6F9D740D-1117-04E7-6368-2E76E9F0E053}.Release|Any CPU.ActiveCfg = Release|Any CPU
		{6F9D740D-1117-04E7-6368-2E76E9F0E053}.Release|Any CPU.Build.0 = Release|Any CPU
	EndGlobalSection
	GlobalSection(SolutionProperties) = preSolution
		HideSolutionNode = FALSE
	EndGlobalSection
	GlobalSection(ExtensibilityGlobals) = postSolution
		SolutionGuid = {52138276-900F-41A4-9F27-8C05F93685B0}
	EndGlobalSection
EndGlobal
